// !$*UTF8*$!
{
	archiveVersion = 1;
	classes = {
	};
	objectVersion = 50;
	objects = {

/* Begin PBXBuildFile section */
		9D791E1021BD82C8008270D9 /* AppDelegate.swift in Sources */ = {isa = PBXBuildFile; fileRef = 9D791E0F21BD82C8008270D9 /* AppDelegate.swift */; };
		9D791E1221BD82C8008270D9 /* ViewController.swift in Sources */ = {isa = PBXBuildFile; fileRef = 9D791E1121BD82C8008270D9 /* ViewController.swift */; };
		9D791E1521BD82C8008270D9 /* Main.storyboard in Resources */ = {isa = PBXBuildFile; fileRef = 9D791E1321BD82C8008270D9 /* Main.storyboard */; };
		9D791E1821BD82C8008270D9 /* mad4114_xlambton.xcdatamodeld in Sources */ = {isa = PBXBuildFile; fileRef = 9D791E1621BD82C8008270D9 /* mad4114_xlambton.xcdatamodeld */; };
		9D791E1A21BD82C9008270D9 /* Assets.xcassets in Resources */ = {isa = PBXBuildFile; fileRef = 9D791E1921BD82C9008270D9 /* Assets.xcassets */; };
		9D791E1D21BD82C9008270D9 /* LaunchScreen.storyboard in Resources */ = {isa = PBXBuildFile; fileRef = 9D791E1B21BD82C9008270D9 /* LaunchScreen.storyboard */; };
		9D791E2521BD8538008270D9 /* StoreUtils.swift in Sources */ = {isa = PBXBuildFile; fileRef = 9D791E2421BD8538008270D9 /* StoreUtils.swift */; };
		9D79A06F21BF2B0800DE0C47 /* libsqlite3.tbd in Frameworks */ = {isa = PBXBuildFile; fileRef = 9D79A06E21BF2B0800DE0C47 /* libsqlite3.tbd */; };
		9D79A07121BF2B5C00DE0C47 /* CoreLocation.framework in Frameworks */ = {isa = PBXBuildFile; fileRef = 9D79A07021BF2B5C00DE0C47 /* CoreLocation.framework */; };
		9D79A07321BF2D8600DE0C47 /* MapViewController.swift in Sources */ = {isa = PBXBuildFile; fileRef = 9D79A07221BF2D8600DE0C47 /* MapViewController.swift */; };
		9D79A08E21BF3EB200DE0C47 /* people-green.png in Resources */ = {isa = PBXBuildFile; fileRef = 9D79A08A21BF3EB000DE0C47 /* people-green.png */; };
		9D79A08F21BF3EB200DE0C47 /* people-black.png in Resources */ = {isa = PBXBuildFile; fileRef = 9D79A08B21BF3EB000DE0C47 /* people-black.png */; };
		9D79A09021BF3EB200DE0C47 /* people-blue.png in Resources */ = {isa = PBXBuildFile; fileRef = 9D79A08C21BF3EB100DE0C47 /* people-blue.png */; };
		9D79A09121BF3EB200DE0C47 /* people-red.png in Resources */ = {isa = PBXBuildFile; fileRef = 9D79A08D21BF3EB100DE0C47 /* people-red.png */; };
		9D79A09921BF3FCB00DE0C47 /* email-blue.png in Resources */ = {isa = PBXBuildFile; fileRef = 9D79A09221BF3FC900DE0C47 /* email-blue.png */; };
		9D79A09A21BF3FCB00DE0C47 /* camera-blue.png in Resources */ = {isa = PBXBuildFile; fileRef = 9D79A09321BF3FCA00DE0C47 /* camera-blue.png */; };
		9D79A09B21BF3FCB00DE0C47 /* camera-red.png in Resources */ = {isa = PBXBuildFile; fileRef = 9D79A09421BF3FCA00DE0C47 /* camera-red.png */; };
		9D79A09C21BF3FCB00DE0C47 /* camera-green.png in Resources */ = {isa = PBXBuildFile; fileRef = 9D79A09521BF3FCA00DE0C47 /* camera-green.png */; };
		9D79A09D21BF3FCB00DE0C47 /* email-red.png in Resources */ = {isa = PBXBuildFile; fileRef = 9D79A09621BF3FCA00DE0C47 /* email-red.png */; };
		9D79A09E21BF3FCB00DE0C47 /* email-green.png in Resources */ = {isa = PBXBuildFile; fileRef = 9D79A09721BF3FCB00DE0C47 /* email-green.png */; };
		9D79A09F21BF3FCB00DE0C47 /* right-arrow.png in Resources */ = {isa = PBXBuildFile; fileRef = 9D79A09821BF3FCB00DE0C47 /* right-arrow.png */; };
		9D79A0A121C06E6E00DE0C47 /* MissionViewController.swift in Sources */ = {isa = PBXBuildFile; fileRef = 9D79A0A021C06E6E00DE0C47 /* MissionViewController.swift */; };
		9DD9C22121BDE44D00D727B5 /* star.png in Resources */ = {isa = PBXBuildFile; fileRef = 9DD9C22021BDE44D00D727B5 /* star.png */; };
		9DD9C22321BDEA8900D727B5 /* AgentTableViewController.swift in Sources */ = {isa = PBXBuildFile; fileRef = 9DD9C22221BDEA8900D727B5 /* AgentTableViewController.swift */; };
		9DD9C22B21BE0E0300D727B5 /* RoundedBorderButton.swift in Sources */ = {isa = PBXBuildFile; fileRef = 9DD9C22721BE0E0300D727B5 /* RoundedBorderButton.swift */; };
		9DD9C22C21BE0E0300D727B5 /* TextFieldEffects.swift in Sources */ = {isa = PBXBuildFile; fileRef = 9DD9C22821BE0E0300D727B5 /* TextFieldEffects.swift */; };
		9DD9C22D21BE0E0300D727B5 /* YoshikoTextField.swift in Sources */ = {isa = PBXBuildFile; fileRef = 9DD9C22921BE0E0300D727B5 /* YoshikoTextField.swift */; };
		9DD9C22E21BE0E0300D727B5 /* HoshiTextField.swift in Sources */ = {isa = PBXBuildFile; fileRef = 9DD9C22A21BE0E0300D727B5 /* HoshiTextField.swift */; };
		9DD9C23021BE10FC00D727B5 /* AgentDetailViewController.swift in Sources */ = {isa = PBXBuildFile; fileRef = 9DD9C22F21BE10FC00D727B5 /* AgentDetailViewController.swift */; };
/* End PBXBuildFile section */

/* Begin PBXFileReference section */
		9D791E0C21BD82C8008270D9 /* mad4114-xlambton.app */ = {isa = PBXFileReference; explicitFileType = wrapper.application; includeInIndex = 0; path = "mad4114-xlambton.app"; sourceTree = BUILT_PRODUCTS_DIR; };
		9D791E0F21BD82C8008270D9 /* AppDelegate.swift */ = {isa = PBXFileReference; lastKnownFileType = sourcecode.swift; path = AppDelegate.swift; sourceTree = "<group>"; };
		9D791E1121BD82C8008270D9 /* ViewController.swift */ = {isa = PBXFileReference; lastKnownFileType = sourcecode.swift; path = ViewController.swift; sourceTree = "<group>"; };
		9D791E1421BD82C8008270D9 /* Base */ = {isa = PBXFileReference; lastKnownFileType = file.storyboard; name = Base; path = Base.lproj/Main.storyboard; sourceTree = "<group>"; };
		9D791E1721BD82C8008270D9 /* mad4114_xlambton.xcdatamodel */ = {isa = PBXFileReference; lastKnownFileType = wrapper.xcdatamodel; path = mad4114_xlambton.xcdatamodel; sourceTree = "<group>"; };
		9D791E1921BD82C9008270D9 /* Assets.xcassets */ = {isa = PBXFileReference; lastKnownFileType = folder.assetcatalog; path = Assets.xcassets; sourceTree = "<group>"; };
		9D791E1C21BD82C9008270D9 /* Base */ = {isa = PBXFileReference; lastKnownFileType = file.storyboard; name = Base; path = Base.lproj/LaunchScreen.storyboard; sourceTree = "<group>"; };
		9D791E1E21BD82C9008270D9 /* Info.plist */ = {isa = PBXFileReference; lastKnownFileType = text.plist.xml; path = Info.plist; sourceTree = "<group>"; };
		9D791E2421BD8538008270D9 /* StoreUtils.swift */ = {isa = PBXFileReference; lastKnownFileType = sourcecode.swift; path = StoreUtils.swift; sourceTree = "<group>"; };
		9D79A06E21BF2B0800DE0C47 /* libsqlite3.tbd */ = {isa = PBXFileReference; lastKnownFileType = "sourcecode.text-based-dylib-definition"; name = libsqlite3.tbd; path = usr/lib/libsqlite3.tbd; sourceTree = SDKROOT; };
		9D79A07021BF2B5C00DE0C47 /* CoreLocation.framework */ = {isa = PBXFileReference; lastKnownFileType = wrapper.framework; name = CoreLocation.framework; path = System/Library/Frameworks/CoreLocation.framework; sourceTree = SDKROOT; };
		9D79A07221BF2D8600DE0C47 /* MapViewController.swift */ = {isa = PBXFileReference; lastKnownFileType = sourcecode.swift; path = MapViewController.swift; sourceTree = "<group>"; };
		9D79A08A21BF3EB000DE0C47 /* people-green.png */ = {isa = PBXFileReference; lastKnownFileType = image.png; name = "people-green.png"; path = "../../../../../../../Users/allan/Downloads/people-green.png"; sourceTree = "<group>"; };
		9D79A08B21BF3EB000DE0C47 /* people-black.png */ = {isa = PBXFileReference; lastKnownFileType = image.png; name = "people-black.png"; path = "../../../../../../../Users/allan/Downloads/people-black.png"; sourceTree = "<group>"; };
		9D79A08C21BF3EB100DE0C47 /* people-blue.png */ = {isa = PBXFileReference; lastKnownFileType = image.png; name = "people-blue.png"; path = "../../../../../../../Users/allan/Downloads/people-blue.png"; sourceTree = "<group>"; };
		9D79A08D21BF3EB100DE0C47 /* people-red.png */ = {isa = PBXFileReference; lastKnownFileType = image.png; name = "people-red.png"; path = "../../../../../../../Users/allan/Downloads/people-red.png"; sourceTree = "<group>"; };
		9D79A09221BF3FC900DE0C47 /* email-blue.png */ = {isa = PBXFileReference; lastKnownFileType = image.png; name = "email-blue.png"; path = "../../../../../../../Users/allan/Downloads/email-blue.png"; sourceTree = "<group>"; };
		9D79A09321BF3FCA00DE0C47 /* camera-blue.png */ = {isa = PBXFileReference; lastKnownFileType = image.png; name = "camera-blue.png"; path = "../../../../../../../Users/allan/Downloads/camera-blue.png"; sourceTree = "<group>"; };
		9D79A09421BF3FCA00DE0C47 /* camera-red.png */ = {isa = PBXFileReference; lastKnownFileType = image.png; name = "camera-red.png"; path = "../../../../../../../Users/allan/Downloads/camera-red.png"; sourceTree = "<group>"; };
		9D79A09521BF3FCA00DE0C47 /* camera-green.png */ = {isa = PBXFileReference; lastKnownFileType = image.png; name = "camera-green.png"; path = "../../../../../../../Users/allan/Downloads/camera-green.png"; sourceTree = "<group>"; };
		9D79A09621BF3FCA00DE0C47 /* email-red.png */ = {isa = PBXFileReference; lastKnownFileType = image.png; name = "email-red.png"; path = "../../../../../../../Users/allan/Downloads/email-red.png"; sourceTree = "<group>"; };
		9D79A09721BF3FCB00DE0C47 /* email-green.png */ = {isa = PBXFileReference; lastKnownFileType = image.png; name = "email-green.png"; path = "../../../../../../../Users/allan/Downloads/email-green.png"; sourceTree = "<group>"; };
		9D79A09821BF3FCB00DE0C47 /* right-arrow.png */ = {isa = PBXFileReference; lastKnownFileType = image.png; name = "right-arrow.png"; path = "../../../../../../../Users/allan/Downloads/right-arrow.png"; sourceTree = "<group>"; };
		9D79A0A021C06E6E00DE0C47 /* MissionViewController.swift */ = {isa = PBXFileReference; lastKnownFileType = sourcecode.swift; path = MissionViewController.swift; sourceTree = "<group>"; };
		9DD9C22021BDE44D00D727B5 /* star.png */ = {isa = PBXFileReference; lastKnownFileType = image.png; path = star.png; sourceTree = "<group>"; };
		9DD9C22221BDEA8900D727B5 /* AgentTableViewController.swift */ = {isa = PBXFileReference; lastKnownFileType = sourcecode.swift; path = AgentTableViewController.swift; sourceTree = "<group>"; };
		9DD9C22721BE0E0300D727B5 /* RoundedBorderButton.swift */ = {isa = PBXFileReference; fileEncoding = 4; lastKnownFileType = sourcecode.swift; path = RoundedBorderButton.swift; sourceTree = "<group>"; };
		9DD9C22821BE0E0300D727B5 /* TextFieldEffects.swift */ = {isa = PBXFileReference; fileEncoding = 4; lastKnownFileType = sourcecode.swift; path = TextFieldEffects.swift; sourceTree = "<group>"; };
		9DD9C22921BE0E0300D727B5 /* YoshikoTextField.swift */ = {isa = PBXFileReference; fileEncoding = 4; lastKnownFileType = sourcecode.swift; path = YoshikoTextField.swift; sourceTree = "<group>"; };
		9DD9C22A21BE0E0300D727B5 /* HoshiTextField.swift */ = {isa = PBXFileReference; fileEncoding = 4; lastKnownFileType = sourcecode.swift; path = HoshiTextField.swift; sourceTree = "<group>"; };
		9DD9C22F21BE10FC00D727B5 /* AgentDetailViewController.swift */ = {isa = PBXFileReference; lastKnownFileType = sourcecode.swift; path = AgentDetailViewController.swift; sourceTree = "<group>"; };
/* End PBXFileReference section */

/* Begin PBXFrameworksBuildPhase section */
		9D791E0921BD82C8008270D9 /* Frameworks */ = {
			isa = PBXFrameworksBuildPhase;
			buildActionMask = 2147483647;
			files = (
				9D79A07121BF2B5C00DE0C47 /* CoreLocation.framework in Frameworks */,
				9D79A06F21BF2B0800DE0C47 /* libsqlite3.tbd in Frameworks */,
			);
			runOnlyForDeploymentPostprocessing = 0;
		};
/* End PBXFrameworksBuildPhase section */

/* Begin PBXGroup section */
		9D791E0321BD82C8008270D9 = {
			isa = PBXGroup;
			children = (
				9D791E0E21BD82C8008270D9 /* mad4114-xlambton */,
				9D791E0D21BD82C8008270D9 /* Products */,
				9D79A06D21BF2B0700DE0C47 /* Frameworks */,
			);
			sourceTree = "<group>";
		};
		9D791E0D21BD82C8008270D9 /* Products */ = {
			isa = PBXGroup;
			children = (
				9D791E0C21BD82C8008270D9 /* mad4114-xlambton.app */,
			);
			name = Products;
			sourceTree = "<group>";
		};
		9D791E0E21BD82C8008270D9 /* mad4114-xlambton */ = {
			isa = PBXGroup;
			children = (
				9DD9C22621BE0DE700D727B5 /* ui */,
				9DD9C21F21BDE41C00D727B5 /* images */,
				9D791E0F21BD82C8008270D9 /* AppDelegate.swift */,
				9D791E1121BD82C8008270D9 /* ViewController.swift */,
				9D791E1321BD82C8008270D9 /* Main.storyboard */,
				9D791E1921BD82C9008270D9 /* Assets.xcassets */,
				9D791E1B21BD82C9008270D9 /* LaunchScreen.storyboard */,
				9D791E1E21BD82C9008270D9 /* Info.plist */,
				9D791E1621BD82C8008270D9 /* mad4114_xlambton.xcdatamodeld */,
				9D791E2421BD8538008270D9 /* StoreUtils.swift */,
				9DD9C22221BDEA8900D727B5 /* AgentTableViewController.swift */,
				9DD9C22F21BE10FC00D727B5 /* AgentDetailViewController.swift */,
				9D79A07221BF2D8600DE0C47 /* MapViewController.swift */,
				9D79A0A021C06E6E00DE0C47 /* MissionViewController.swift */,
			);
			path = "mad4114-xlambton";
			sourceTree = "<group>";
		};
		9D79A06D21BF2B0700DE0C47 /* Frameworks */ = {
			isa = PBXGroup;
			children = (
				9D79A07021BF2B5C00DE0C47 /* CoreLocation.framework */,
				9D79A06E21BF2B0800DE0C47 /* libsqlite3.tbd */,
			);
			name = Frameworks;
			sourceTree = "<group>";
		};
		9DD9C21F21BDE41C00D727B5 /* images */ = {
			isa = PBXGroup;
			children = (
				9D79A09321BF3FCA00DE0C47 /* camera-blue.png */,
				9D79A09521BF3FCA00DE0C47 /* camera-green.png */,
				9D79A09421BF3FCA00DE0C47 /* camera-red.png */,
				9D79A09221BF3FC900DE0C47 /* email-blue.png */,
				9D79A09721BF3FCB00DE0C47 /* email-green.png */,
				9D79A09621BF3FCA00DE0C47 /* email-red.png */,
				9D79A09821BF3FCB00DE0C47 /* right-arrow.png */,
				9D79A08B21BF3EB000DE0C47 /* people-black.png */,
				9D79A08C21BF3EB100DE0C47 /* people-blue.png */,
				9D79A08A21BF3EB000DE0C47 /* people-green.png */,
				9D79A08D21BF3EB100DE0C47 /* people-red.png */,
				9DD9C22021BDE44D00D727B5 /* star.png */,
			);
			path = images;
			sourceTree = "<group>";
		};
		9DD9C22621BE0DE700D727B5 /* ui */ = {
			isa = PBXGroup;
			children = (
				9DD9C22A21BE0E0300D727B5 /* HoshiTextField.swift */,
				9DD9C22721BE0E0300D727B5 /* RoundedBorderButton.swift */,
				9DD9C22821BE0E0300D727B5 /* TextFieldEffects.swift */,
				9DD9C22921BE0E0300D727B5 /* YoshikoTextField.swift */,
			);
			path = ui;
			sourceTree = "<group>";
		};
/* End PBXGroup section */

/* Begin PBXNativeTarget section */
		9D791E0B21BD82C8008270D9 /* mad4114-xlambton */ = {
			isa = PBXNativeTarget;
			buildConfigurationList = 9D791E2121BD82C9008270D9 /* Build configuration list for PBXNativeTarget "mad4114-xlambton" */;
			buildPhases = (
				9D791E0821BD82C8008270D9 /* Sources */,
				9D791E0921BD82C8008270D9 /* Frameworks */,
				9D791E0A21BD82C8008270D9 /* Resources */,
			);
			buildRules = (
			);
			dependencies = (
			);
			name = "mad4114-xlambton";
			productName = "mad4114-xlambton";
			productReference = 9D791E0C21BD82C8008270D9 /* mad4114-xlambton.app */;
			productType = "com.apple.product-type.application";
		};
/* End PBXNativeTarget section */

/* Begin PBXProject section */
		9D791E0421BD82C8008270D9 /* Project object */ = {
			isa = PBXProject;
			attributes = {
				LastSwiftUpdateCheck = 1010;
				LastUpgradeCheck = 1010;
				ORGANIZATIONNAME = "Allan Im";
				TargetAttributes = {
					9D791E0B21BD82C8008270D9 = {
						CreatedOnToolsVersion = 10.1;
					};
				};
			};
			buildConfigurationList = 9D791E0721BD82C8008270D9 /* Build configuration list for PBXProject "mad4114-xlambton" */;
			compatibilityVersion = "Xcode 9.3";
			developmentRegion = en;
			hasScannedForEncodings = 0;
			knownRegions = (
				en,
				Base,
			);
			mainGroup = 9D791E0321BD82C8008270D9;
			productRefGroup = 9D791E0D21BD82C8008270D9 /* Products */;
			projectDirPath = "";
			projectRoot = "";
			targets = (
				9D791E0B21BD82C8008270D9 /* mad4114-xlambton */,
			);
		};
/* End PBXProject section */

/* Begin PBXResourcesBuildPhase section */
		9D791E0A21BD82C8008270D9 /* Resources */ = {
			isa = PBXResourcesBuildPhase;
			buildActionMask = 2147483647;
			files = (
				9D79A08F21BF3EB200DE0C47 /* people-black.png in Resources */,
				9D79A09921BF3FCB00DE0C47 /* email-blue.png in Resources */,
				9D79A09B21BF3FCB00DE0C47 /* camera-red.png in Resources */,
				9D79A09121BF3EB200DE0C47 /* people-red.png in Resources */,
				9D791E1D21BD82C9008270D9 /* LaunchScreen.storyboard in Resources */,
				9D79A09C21BF3FCB00DE0C47 /* camera-green.png in Resources */,
				9D79A08E21BF3EB200DE0C47 /* people-green.png in Resources */,
				9D79A09F21BF3FCB00DE0C47 /* right-arrow.png in Resources */,
				9DD9C22121BDE44D00D727B5 /* star.png in Resources */,
				9D79A09D21BF3FCB00DE0C47 /* email-red.png in Resources */,
				9D791E1A21BD82C9008270D9 /* Assets.xcassets in Resources */,
				9D79A09A21BF3FCB00DE0C47 /* camera-blue.png in Resources */,
				9D79A09E21BF3FCB00DE0C47 /* email-green.png in Resources */,
				9D79A09021BF3EB200DE0C47 /* people-blue.png in Resources */,
				9D791E1521BD82C8008270D9 /* Main.storyboard in Resources */,
			);
			runOnlyForDeploymentPostprocessing = 0;
		};
/* End PBXResourcesBuildPhase section */

/* Begin PBXSourcesBuildPhase section */
		9D791E0821BD82C8008270D9 /* Sources */ = {
			isa = PBXSourcesBuildPhase;
			buildActionMask = 2147483647;
			files = (
				9D79A07321BF2D8600DE0C47 /* MapViewController.swift in Sources */,
				9DD9C22E21BE0E0300D727B5 /* HoshiTextField.swift in Sources */,
				9DD9C22D21BE0E0300D727B5 /* YoshikoTextField.swift in Sources */,
				9D79A0A121C06E6E00DE0C47 /* MissionViewController.swift in Sources */,
				9DD9C22C21BE0E0300D727B5 /* TextFieldEffects.swift in Sources */,
				9D791E1821BD82C8008270D9 /* mad4114_xlambton.xcdatamodeld in Sources */,
				9D791E2521BD8538008270D9 /* StoreUtils.swift in Sources */,
				9DD9C22321BDEA8900D727B5 /* AgentTableViewController.swift in Sources */,
				9DD9C22B21BE0E0300D727B5 /* RoundedBorderButton.swift in Sources */,
				9D791E1221BD82C8008270D9 /* ViewController.swift in Sources */,
				9D791E1021BD82C8008270D9 /* AppDelegate.swift in Sources */,
				9DD9C23021BE10FC00D727B5 /* AgentDetailViewController.swift in Sources */,
			);
			runOnlyForDeploymentPostprocessing = 0;
		};
/* End PBXSourcesBuildPhase section */

/* Begin PBXVariantGroup section */
		9D791E1321BD82C8008270D9 /* Main.storyboard */ = {
			isa = PBXVariantGroup;
			children = (
				9D791E1421BD82C8008270D9 /* Base */,
			);
			name = Main.storyboard;
			sourceTree = "<group>";
		};
		9D791E1B21BD82C9008270D9 /* LaunchScreen.storyboard */ = {
			isa = PBXVariantGroup;
			children = (
				9D791E1C21BD82C9008270D9 /* Base */,
			);
			name = LaunchScreen.storyboard;
			sourceTree = "<group>";
		};
/* End PBXVariantGroup section */

/* Begin XCBuildConfiguration section */
		9D791E1F21BD82C9008270D9 /* Debug */ = {
			isa = XCBuildConfiguration;
			buildSettings = {
				ALWAYS_SEARCH_USER_PATHS = NO;
				CLANG_ANALYZER_NONNULL = YES;
				CLANG_ANALYZER_NUMBER_OBJECT_CONVERSION = YES_AGGRESSIVE;
				CLANG_CXX_LANGUAGE_STANDARD = "gnu++14";
				CLANG_CXX_LIBRARY = "libc++";
				CLANG_ENABLE_MODULES = YES;
				CLANG_ENABLE_OBJC_ARC = YES;
				CLANG_ENABLE_OBJC_WEAK = YES;
				CLANG_WARN_BLOCK_CAPTURE_AUTORELEASING = YES;
				CLANG_WARN_BOOL_CONVERSION = YES;
				CLANG_WARN_COMMA = YES;
				CLANG_WARN_CONSTANT_CONVERSION = YES;
				CLANG_WARN_DEPRECATED_OBJC_IMPLEMENTATIONS = YES;
				CLANG_WARN_DIRECT_OBJC_ISA_USAGE = YES_ERROR;
				CLANG_WARN_DOCUMENTATION_COMMENTS = YES;
				CLANG_WARN_EMPTY_BODY = YES;
				CLANG_WARN_ENUM_CONVERSION = YES;
				CLANG_WARN_INFINITE_RECURSION = YES;
				CLANG_WARN_INT_CONVERSION = YES;
				CLANG_WARN_NON_LITERAL_NULL_CONVERSION = YES;
				CLANG_WARN_OBJC_IMPLICIT_RETAIN_SELF = YES;
				CLANG_WARN_OBJC_LITERAL_CONVERSION = YES;
				CLANG_WARN_OBJC_ROOT_CLASS = YES_ERROR;
				CLANG_WARN_RANGE_LOOP_ANALYSIS = YES;
				CLANG_WARN_STRICT_PROTOTYPES = YES;
				CLANG_WARN_SUSPICIOUS_MOVE = YES;
				CLANG_WARN_UNGUARDED_AVAILABILITY = YES_AGGRESSIVE;
				CLANG_WARN_UNREACHABLE_CODE = YES;
				CLANG_WARN__DUPLICATE_METHOD_MATCH = YES;
				CODE_SIGN_IDENTITY = "iPhone Developer";
				COPY_PHASE_STRIP = NO;
				DEBUG_INFORMATION_FORMAT = dwarf;
				ENABLE_STRICT_OBJC_MSGSEND = YES;
				ENABLE_TESTABILITY = YES;
				GCC_C_LANGUAGE_STANDARD = gnu11;
				GCC_DYNAMIC_NO_PIC = NO;
				GCC_NO_COMMON_BLOCKS = YES;
				GCC_OPTIMIZATION_LEVEL = 0;
				GCC_PREPROCESSOR_DEFINITIONS = (
					"DEBUG=1",
					"$(inherited)",
				);
				GCC_WARN_64_TO_32_BIT_CONVERSION = YES;
				GCC_WARN_ABOUT_RETURN_TYPE = YES_ERROR;
				GCC_WARN_UNDECLARED_SELECTOR = YES;
				GCC_WARN_UNINITIALIZED_AUTOS = YES_AGGRESSIVE;
				GCC_WARN_UNUSED_FUNCTION = YES;
				GCC_WARN_UNUSED_VARIABLE = YES;
				IPHONEOS_DEPLOYMENT_TARGET = 12.1;
				MTL_ENABLE_DEBUG_INFO = INCLUDE_SOURCE;
				MTL_FAST_MATH = YES;
				ONLY_ACTIVE_ARCH = YES;
				SDKROOT = iphoneos;
				SWIFT_ACTIVE_COMPILATION_CONDITIONS = DEBUG;
				SWIFT_OPTIMIZATION_LEVEL = "-Onone";
			};
			name = Debug;
		};
		9D791E2021BD82C9008270D9 /* Release */ = {
			isa = XCBuildConfiguration;
			buildSettings = {
				ALWAYS_SEARCH_USER_PATHS = NO;
				CLANG_ANALYZER_NONNULL = YES;
				CLANG_ANALYZER_NUMBER_OBJECT_CONVERSION = YES_AGGRESSIVE;
				CLANG_CXX_LANGUAGE_STANDARD = "gnu++14";
				CLANG_CXX_LIBRARY = "libc++";
				CLANG_ENABLE_MODULES = YES;
				CLANG_ENABLE_OBJC_ARC = YES;
				CLANG_ENABLE_OBJC_WEAK = YES;
				CLANG_WARN_BLOCK_CAPTURE_AUTORELEASING = YES;
				CLANG_WARN_BOOL_CONVERSION = YES;
				CLANG_WARN_COMMA = YES;
				CLANG_WARN_CONSTANT_CONVERSION = YES;
				CLANG_WARN_DEPRECATED_OBJC_IMPLEMENTATIONS = YES;
				CLANG_WARN_DIRECT_OBJC_ISA_USAGE = YES_ERROR;
				CLANG_WARN_DOCUMENTATION_COMMENTS = YES;
				CLANG_WARN_EMPTY_BODY = YES;
				CLANG_WARN_ENUM_CONVERSION = YES;
				CLANG_WARN_INFINITE_RECURSION = YES;
				CLANG_WARN_INT_CONVERSION = YES;
				CLANG_WARN_NON_LITERAL_NULL_CONVERSION = YES;
				CLANG_WARN_OBJC_IMPLICIT_RETAIN_SELF = YES;
				CLANG_WARN_OBJC_LITERAL_CONVERSION = YES;
				CLANG_WARN_OBJC_ROOT_CLASS = YES_ERROR;
				CLANG_WARN_RANGE_LOOP_ANALYSIS = YES;
				CLANG_WARN_STRICT_PROTOTYPES = YES;
				CLANG_WARN_SUSPICIOUS_MOVE = YES;
				CLANG_WARN_UNGUARDED_AVAILABILITY = YES_AGGRESSIVE;
				CLANG_WARN_UNREACHABLE_CODE = YES;
				CLANG_WARN__DUPLICATE_METHOD_MATCH = YES;
				CODE_SIGN_IDENTITY = "iPhone Developer";
				COPY_PHASE_STRIP = NO;
				DEBUG_INFORMATION_FORMAT = "dwarf-with-dsym";
				ENABLE_NS_ASSERTIONS = NO;
				ENABLE_STRICT_OBJC_MSGSEND = YES;
				GCC_C_LANGUAGE_STANDARD = gnu11;
				GCC_NO_COMMON_BLOCKS = YES;
				GCC_WARN_64_TO_32_BIT_CONVERSION = YES;
				GCC_WARN_ABOUT_RETURN_TYPE = YES_ERROR;
				GCC_WARN_UNDECLARED_SELECTOR = YES;
				GCC_WARN_UNINITIALIZED_AUTOS = YES_AGGRESSIVE;
				GCC_WARN_UNUSED_FUNCTION = YES;
				GCC_WARN_UNUSED_VARIABLE = YES;
				IPHONEOS_DEPLOYMENT_TARGET = 12.1;
				MTL_ENABLE_DEBUG_INFO = NO;
				MTL_FAST_MATH = YES;
				SDKROOT = iphoneos;
				SWIFT_COMPILATION_MODE = wholemodule;
				SWIFT_OPTIMIZATION_LEVEL = "-O";
				VALIDATE_PRODUCT = YES;
			};
			name = Release;
		};
		9D791E2221BD82C9008270D9 /* Debug */ = {
			isa = XCBuildConfiguration;
			buildSettings = {
				ASSETCATALOG_COMPILER_APPICON_NAME = AppIcon;
				CODE_SIGN_STYLE = Automatic;
				INFOPLIST_FILE = "mad4114-xlambton/Info.plist";
				LD_RUNPATH_SEARCH_PATHS = (
					"$(inherited)",
					"@executable_path/Frameworks",
				);
				PRODUCT_BUNDLE_IDENTIFIER = "ca.lambton.allan.mad4114-xlambton";
				PRODUCT_NAME = "$(TARGET_NAME)";
				SWIFT_VERSION = 4.2;
				TARGETED_DEVICE_FAMILY = "1,2";
			};
			name = Debug;
		};
		9D791E2321BD82C9008270D9 /* Release */ = {
			isa = XCBuildConfiguration;
			buildSettings = {
				ASSETCATALOG_COMPILER_APPICON_NAME = AppIcon;
				CODE_SIGN_STYLE = Automatic;
				INFOPLIST_FILE = "mad4114-xlambton/Info.plist";
				LD_RUNPATH_SEARCH_PATHS = (
					"$(inherited)",
					"@executable_path/Frameworks",
				);
				PRODUCT_BUNDLE_IDENTIFIER = "ca.lambton.allan.mad4114-xlambton";
				PRODUCT_NAME = "$(TARGET_NAME)";
				SWIFT_VERSION = 4.2;
				TARGETED_DEVICE_FAMILY = "1,2";
			};
			name = Release;
		};
/* End XCBuildConfiguration section */

/* Begin XCConfigurationList section */
		9D791E0721BD82C8008270D9 /* Build configuration list for PBXProject "mad4114-xlambton" */ = {
			isa = XCConfigurationList;
			buildConfigurations = (
				9D791E1F21BD82C9008270D9 /* Debug */,
				9D791E2021BD82C9008270D9 /* Release */,
			);
			defaultConfigurationIsVisible = 0;
			defaultConfigurationName = Release;
		};
		9D791E2121BD82C9008270D9 /* Build configuration list for PBXNativeTarget "mad4114-xlambton" */ = {
			isa = XCConfigurationList;
			buildConfigurations = (
				9D791E2221BD82C9008270D9 /* Debug */,
				9D791E2321BD82C9008270D9 /* Release */,
			);
			defaultConfigurationIsVisible = 0;
			defaultConfigurationName = Release;
		};
/* End XCConfigurationList section */

/* Begin XCVersionGroup section */
		9D791E1621BD82C8008270D9 /* mad4114_xlambton.xcdatamodeld */ = {
			isa = XCVersionGroup;
			children = (
				9D791E1721BD82C8008270D9 /* mad4114_xlambton.xcdatamodel */,
			);
			currentVersion = 9D791E1721BD82C8008270D9 /* mad4114_xlambton.xcdatamodel */;
			path = mad4114_xlambton.xcdatamodeld;
			sourceTree = "<group>";
			versionGroupType = wrapper.xcdatamodel;
		};
/* End XCVersionGroup section */
	};
	rootObject = 9D791E0421BD82C8008270D9 /* Project object */;
}
